
Microsoft Visual Studio Solution File, Format Version 11.00
# Visual Studio 2010
Project("{FAE04EC0-301F-11D3-BF4B-00C04F79EFBC}") = "DAL", "DAL\DAL.csproj", "{3CFCF60D-AFF4-4543-A12D-B3D2AE19DDD0}"
EndProject
Project("{FAE04EC0-301F-11D3-BF4B-00C04F79EFBC}") = "BLL", "BLL\BLL.csproj", "{5069904A-3A4C-408E-BF9C-3C15754CD41B}"
EndProject
Project("{FAE04EC0-301F-11D3-BF4B-00C04F79EFBC}") = "Model", "Model\Model.csproj", "{3F175FA7-802A-4A88-9735-97F4C29BD81A}"
EndProject
Project("{E24C65DC-7377-472B-9ABA-BC803B73C61A}") = "UI", "UI\", "{5D2022E6-05B9-4A22-A783-E7CDBA764A70}"
	ProjectSection(WebsiteProperties) = preProject
		TargetFrameworkMoniker = ".NETFramework,Version%3Dv4.0"
		ProjectReferences = "{5069904A-3A4C-408E-BF9C-3C15754CD41B}|BLL.dll;{3F175FA7-802A-4A88-9735-97F4C29BD81A}|Model.dll;{3CFCF60D-AFF4-4543-A12D-B3D2AE19DDD0}|DAL.dll;"
		Debug.AspNetCompiler.VirtualPath = "/UI"
		Debug.AspNetCompiler.PhysicalPath = "UI\"
		Debug.AspNetCompiler.TargetPath = "PrecompiledWeb\UI\"
		Debug.AspNetCompiler.Updateable = "true"
		Debug.AspNetCompiler.ForceOverwrite = "true"
		Debug.AspNetCompiler.FixedNames = "false"
		Debug.AspNetCompiler.Debug = "True"
		Release.AspNetCompiler.VirtualPath = "/UI"
		Release.AspNetCompiler.PhysicalPath = "UI\"
		Release.AspNetCompiler.TargetPath = "PrecompiledWeb\UI\"
		Release.AspNetCompiler.Updateable = "true"
		Release.AspNetCompiler.ForceOverwrite = "true"
		Release.AspNetCompiler.FixedNames = "false"
		Release.AspNetCompiler.Debug = "False"
		VWDPort = "1053"
		DefaultWebSiteLanguage = "Visual C#"
	EndProjectSection
EndProject
Global
	GlobalSection(SolutionConfigurationPlatforms) = preSolution
		Debug|Any CPU = Debug|Any CPU
		Release|Any CPU = Release|Any CPU
	EndGlobalSection
	GlobalSection(ProjectConfigurationPlatforms) = postSolution
		{3CFCF60D-AFF4-4543-A12D-B3D2AE19DDD0}.Debug|Any CPU.ActiveCfg = Debug|Any CPU
		{3CFCF60D-AFF4-4543-A12D-B3D2AE19DDD0}.Debug|Any CPU.Build.0 = Debug|Any CPU
		{3CFCF60D-AFF4-4543-A12D-B3D2AE19DDD0}.Release|Any CPU.ActiveCfg = Release|Any CPU
		{3CFCF60D-AFF4-4543-A12D-B3D2AE19DDD0}.Release|Any CPU.Build.0 = Release|Any CPU
		{5069904A-3A4C-408E-BF9C-3C15754CD41B}.Debug|Any CPU.ActiveCfg = Debug|Any CPU
		{5069904A-3A4C-408E-BF9C-3C15754CD41B}.Debug|Any CPU.Build.0 = Debug|Any CPU
		{5069904A-3A4C-408E-BF9C-3C15754CD41B}.Release|Any CPU.ActiveCfg = Release|Any CPU
		{5069904A-3A4C-408E-BF9C-3C15754CD41B}.Release|Any CPU.Build.0 = Release|Any CPU
		{3F175FA7-802A-4A88-9735-97F4C29BD81A}.Debug|Any CPU.ActiveCfg = Debug|Any CPU
		{3F175FA7-802A-4A88-9735-97F4C29BD81A}.Debug|Any CPU.Build.0 = Debug|Any CPU
		{3F175FA7-802A-4A88-9735-97F4C29BD81A}.Release|Any CPU.ActiveCfg = Release|Any CPU
		{3F175FA7-802A-4A88-9735-97F4C29BD81A}.Release|Any CPU.Build.0 = Release|Any CPU
		{5D2022E6-05B9-4A22-A783-E7CDBA764A70}.Debug|Any CPU.ActiveCfg = Debug|Any CPU
		{5D2022E6-05B9-4A22-A783-E7CDBA764A70}.Debug|Any CPU.Build.0 = Debug|Any CPU
		{5D2022E6-05B9-4A22-A783-E7CDBA764A70}.Release|Any CPU.ActiveCfg = Debug|Any CPU
		{5D2022E6-05B9-4A22-A783-E7CDBA764A70}.Release|Any CPU.Build.0 = Debug|Any CPU
	EndGlobalSection
	GlobalSection(SolutionProperties) = preSolution
		HideSolutionNode = FALSE
	EndGlobalSection
EndGlobal
